
Microsoft Visual Studio Solution File, Format Version 12.00
# Visual Studio Version 17
VisualStudioVersion = 17.14.36301.6 d17.14
MinimumVisualStudioVersion = 10.0.40219.1
Project("{FAE04EC0-301F-11D3-BF4B-00C04F79EFBC}") = "process_test", "process_test\process_test.csproj", "{E1BD3228-6E60-47A8-AE19-7F0BFD5AC3CF}"
EndProject
Global
	GlobalSection(SolutionConfigurationPlatforms) = preSolution
		Debug|Any CPU = Debug|Any CPU
		Release|Any CPU = Release|Any CPU
	EndGlobalSection
	GlobalSection(ProjectConfigurationPlatforms) = postSolution
		{E1BD3228-6E60-47A8-AE19-7F0BFD5AC3CF}.Debug|Any CPU.ActiveCfg = Debug|Any CPU
		{E1BD3228-6E60-47A8-AE19-7F0BFD5AC3CF}.Debug|Any CPU.Build.0 = Debug|Any CPU
		{E1BD3228-6E60-47A8-AE19-7F0BFD5AC3CF}.Release|Any CPU.ActiveCfg = Release|Any CPU
		{E1BD3228-6E60-47A8-AE19-7F0BFD5AC3CF}.Release|Any CPU.Build.0 = Release|Any CPU
	EndGlobalSection
	GlobalSection(SolutionProperties) = preSolution
		HideSolutionNode = FALSE
	EndGlobalSection
	GlobalSection(ExtensibilityGlobals) = postSolution
		SolutionGuid = {EDDCF33D-0745-4E2D-B02B-0AEA5B3E752C}
	EndGlobalSection
EndGlobal
