
Microsoft Visual Studio Solution File, Format Version 12.00
# Visual Studio Version 17
VisualStudioVersion = 17.14.36301.6 d17.14
MinimumVisualStudioVersion = 10.0.40219.1
Project("{FAE04EC0-301F-11D3-BF4B-00C04F79EFBC}") = "json_test", "json_test\json_test.csproj", "{716328A3-7E20-4DDB-BA50-BF9A2618A415}"
EndProject
Global
	GlobalSection(SolutionConfigurationPlatforms) = preSolution
		Debug|Any CPU = Debug|Any CPU
		Release|Any CPU = Release|Any CPU
	EndGlobalSection
	GlobalSection(ProjectConfigurationPlatforms) = postSolution
		{716328A3-7E20-4DDB-BA50-BF9A2618A415}.Debug|Any CPU.ActiveCfg = Debug|Any CPU
		{716328A3-7E20-4DDB-BA50-BF9A2618A415}.Debug|Any CPU.Build.0 = Debug|Any CPU
		{716328A3-7E20-4DDB-BA50-BF9A2618A415}.Release|Any CPU.ActiveCfg = Release|Any CPU
		{716328A3-7E20-4DDB-BA50-BF9A2618A415}.Release|Any CPU.Build.0 = Release|Any CPU
	EndGlobalSection
	GlobalSection(SolutionProperties) = preSolution
		HideSolutionNode = FALSE
	EndGlobalSection
	GlobalSection(ExtensibilityGlobals) = postSolution
		SolutionGuid = {A3B60218-00FA-4C8B-9F4B-21874BC0AE97}
	EndGlobalSection
EndGlobal
